
Microsoft Visual Studio Solution File, Format Version 12.00
# Visual Studio 15
VisualStudioVersion = 15.0.27004.2005
MinimumVisualStudioVersion = 10.0.40219.1
Project("{9092AA53-FB77-4645-B42D-1CCCA6BD08BD}") = "NocApi.Server", "NocApi.Server\NocApi.Server.njsproj", "{BA8D7B07-6A81-4901-B6A4-600E5D220C45}"
EndProject
Project("{FAE04EC0-301F-11D3-BF4B-00C04F79EFBC}") = "NocApi.Web", "NocApi.Web\NocApi.Web.csproj", "{50A4F9FA-96E9-489E-ABC1-73979A238907}"
EndProject
Global
	GlobalSection(SolutionConfigurationPlatforms) = preSolution
		Debug|Any CPU = Debug|Any CPU
		Release|Any CPU = Release|Any CPU
	EndGlobalSection
	GlobalSection(ProjectConfigurationPlatforms) = postSolution
		{BA8D7B07-6A81-4901-B6A4-600E5D220C45}.Debug|Any CPU.ActiveCfg = Debug|Any CPU
		{BA8D7B07-6A81-4901-B6A4-600E5D220C45}.Debug|Any CPU.Build.0 = Debug|Any CPU
		{BA8D7B07-6A81-4901-B6A4-600E5D220C45}.Release|Any CPU.ActiveCfg = Release|Any CPU
		{BA8D7B07-6A81-4901-B6A4-600E5D220C45}.Release|Any CPU.Build.0 = Release|Any CPU
		{50A4F9FA-96E9-489E-ABC1-73979A238907}.Debug|Any CPU.ActiveCfg = Debug|Any CPU
		{50A4F9FA-96E9-489E-ABC1-73979A238907}.Debug|Any CPU.Build.0 = Debug|Any CPU
		{50A4F9FA-96E9-489E-ABC1-73979A238907}.Release|Any CPU.ActiveCfg = Release|Any CPU
		{50A4F9FA-96E9-489E-ABC1-73979A238907}.Release|Any CPU.Build.0 = Release|Any CPU
	EndGlobalSection
	GlobalSection(SolutionProperties) = preSolution
		HideSolutionNode = FALSE
	EndGlobalSection
	GlobalSection(ExtensibilityGlobals) = postSolution
		SolutionGuid = {50BC20E9-8D21-403A-B1F5-EA504AD8345C}
	EndGlobalSection
EndGlobal
